// !$*UTF8*$!
{
	archiveVersion = 1;
	classes = {
	};
	objectVersion = 50;
	objects = {

/* Begin PBXBuildFile section */
		BB11ED7B2677301B009CD0AB /* AppDelegate.swift in Sources */ = {isa = PBXBuildFile; fileRef = BB11ED7A2677301B009CD0AB /* AppDelegate.swift */; };
		BB11ED7D2677301B009CD0AB /* SceneDelegate.swift in Sources */ = {isa = PBXBuildFile; fileRef = BB11ED7C2677301B009CD0AB /* SceneDelegate.swift */; };
		BB11ED7F2677301B009CD0AB /* ViewController.swift in Sources */ = {isa = PBXBuildFile; fileRef = BB11ED7E2677301B009CD0AB /* ViewController.swift */; };
		BB11ED822677301B009CD0AB /* Main.storyboard in Resources */ = {isa = PBXBuildFile; fileRef = BB11ED802677301B009CD0AB /* Main.storyboard */; };
		BB11ED8426773023009CD0AB /* Assets.xcassets in Resources */ = {isa = PBXBuildFile; fileRef = BB11ED8326773023009CD0AB /* Assets.xcassets */; };
		BB11ED8726773023009CD0AB /* LaunchScreen.storyboard in Resources */ = {isa = PBXBuildFile; fileRef = BB11ED8526773023009CD0AB /* LaunchScreen.storyboard */; };
		BB11ED9026773473009CD0AB /* video.mp4 in Resources */ = {isa = PBXBuildFile; fileRef = BB11ED8F26773473009CD0AB /* video.mp4 */; };
		BB11ED94267734A6009CD0AB /* CollectionTableViewCell.swift in Sources */ = {isa = PBXBuildFile; fileRef = BB11ED93267734A6009CD0AB /* CollectionTableViewCell.swift */; };
		BB11ED98267734B5009CD0AB /* TableCollectionViewCell.swift in Sources */ = {isa = PBXBuildFile; fileRef = BB11ED97267734B5009CD0AB /* TableCollectionViewCell.swift */; };
		BB11ED9B26773AF5009CD0AB /* Models.swift in Sources */ = {isa = PBXBuildFile; fileRef = BB11ED9A26773AF5009CD0AB /* Models.swift */; };
/* End PBXBuildFile section */

/* Begin PBXFileReference section */
		BB11ED772677301B009CD0AB /* MyTableView.app */ = {isa = PBXFileReference; explicitFileType = wrapper.application; includeInIndex = 0; path = MyTableView.app; sourceTree = BUILT_PRODUCTS_DIR; };
		BB11ED7A2677301B009CD0AB /* AppDelegate.swift */ = {isa = PBXFileReference; lastKnownFileType = sourcecode.swift; path = AppDelegate.swift; sourceTree = "<group>"; };
		BB11ED7C2677301B009CD0AB /* SceneDelegate.swift */ = {isa = PBXFileReference; lastKnownFileType = sourcecode.swift; path = SceneDelegate.swift; sourceTree = "<group>"; };
		BB11ED7E2677301B009CD0AB /* ViewController.swift */ = {isa = PBXFileReference; lastKnownFileType = sourcecode.swift; path = ViewController.swift; sourceTree = "<group>"; };
		BB11ED812677301B009CD0AB /* Base */ = {isa = PBXFileReference; lastKnownFileType = file.storyboard; name = Base; path = Base.lproj/Main.storyboard; sourceTree = "<group>"; };
		BB11ED8326773023009CD0AB /* Assets.xcassets */ = {isa = PBXFileReference; lastKnownFileType = folder.assetcatalog; path = Assets.xcassets; sourceTree = "<group>"; };
		BB11ED8626773023009CD0AB /* Base */ = {isa = PBXFileReference; lastKnownFileType = file.storyboard; name = Base; path = Base.lproj/LaunchScreen.storyboard; sourceTree = "<group>"; };
		BB11ED8826773023009CD0AB /* Info.plist */ = {isa = PBXFileReference; lastKnownFileType = text.plist.xml; path = Info.plist; sourceTree = "<group>"; };
		BB11ED8F26773473009CD0AB /* video.mp4 */ = {isa = PBXFileReference; lastKnownFileType = file; path = video.mp4; sourceTree = "<group>"; };
		BB11ED93267734A6009CD0AB /* CollectionTableViewCell.swift */ = {isa = PBXFileReference; lastKnownFileType = sourcecode.swift; path = CollectionTableViewCell.swift; sourceTree = "<group>"; };
		BB11ED97267734B5009CD0AB /* TableCollectionViewCell.swift */ = {isa = PBXFileReference; lastKnownFileType = sourcecode.swift; path = TableCollectionViewCell.swift; sourceTree = "<group>"; };
		BB11ED9A26773AF5009CD0AB /* Models.swift */ = {isa = PBXFileReference; lastKnownFileType = sourcecode.swift; path = Models.swift; sourceTree = "<group>"; };
/* End PBXFileReference section */

/* Begin PBXFrameworksBuildPhase section */
		BB11ED742677301B009CD0AB /* Frameworks */ = {
			isa = PBXFrameworksBuildPhase;
			buildActionMask = 2147483647;
			files = (
			);
			runOnlyForDeploymentPostprocessing = 0;
		};
/* End PBXFrameworksBuildPhase section */

/* Begin PBXGroup section */
		BB11ED6E2677301B009CD0AB = {
			isa = PBXGroup;
			children = (
				BB11ED792677301B009CD0AB /* MyTableView */,
				BB11ED782677301B009CD0AB /* Products */,
			);
			sourceTree = "<group>";
		};
		BB11ED782677301B009CD0AB /* Products */ = {
			isa = PBXGroup;
			children = (
				BB11ED772677301B009CD0AB /* MyTableView.app */,
			);
			name = Products;
			sourceTree = "<group>";
		};
		BB11ED792677301B009CD0AB /* MyTableView */ = {
			isa = PBXGroup;
			children = (
				BB11ED922677347F009CD0AB /* Cells */,
				BB11ED8F26773473009CD0AB /* video.mp4 */,
				BB11ED7A2677301B009CD0AB /* AppDelegate.swift */,
				BB11ED7C2677301B009CD0AB /* SceneDelegate.swift */,
				BB11ED7E2677301B009CD0AB /* ViewController.swift */,
				BB11ED802677301B009CD0AB /* Main.storyboard */,
				BB11ED8326773023009CD0AB /* Assets.xcassets */,
				BB11ED8526773023009CD0AB /* LaunchScreen.storyboard */,
				BB11ED8826773023009CD0AB /* Info.plist */,
				BB11ED9A26773AF5009CD0AB /* Models.swift */,
			);
			path = MyTableView;
			sourceTree = "<group>";
		};
		BB11ED922677347F009CD0AB /* Cells */ = {
			isa = PBXGroup;
			children = (
				BB11ED93267734A6009CD0AB /* CollectionTableViewCell.swift */,
				BB11ED97267734B5009CD0AB /* TableCollectionViewCell.swift */,
			);
			path = Cells;
			sourceTree = "<group>";
		};
/* End PBXGroup section */

/* Begin PBXNativeTarget section */
		BB11ED762677301B009CD0AB /* MyTableView */ = {
			isa = PBXNativeTarget;
			buildConfigurationList = BB11ED8B26773023009CD0AB /* Build configuration list for PBXNativeTarget "MyTableView" */;
			buildPhases = (
				BB11ED732677301B009CD0AB /* Sources */,
				BB11ED742677301B009CD0AB /* Frameworks */,
				BB11ED752677301B009CD0AB /* Resources */,
			);
			buildRules = (
			);
			dependencies = (
			);
			name = MyTableView;
			productName = MyTableView;
			productReference = BB11ED772677301B009CD0AB /* MyTableView.app */;
			productType = "com.apple.product-type.application";
		};
/* End PBXNativeTarget section */

/* Begin PBXProject section */
		BB11ED6F2677301B009CD0AB /* Project object */ = {
			isa = PBXProject;
			attributes = {
				LastSwiftUpdateCheck = 1240;
				LastUpgradeCheck = 1240;
				TargetAttributes = {
					BB11ED762677301B009CD0AB = {
						CreatedOnToolsVersion = 12.4;
					};
				};
			};
			buildConfigurationList = BB11ED722677301B009CD0AB /* Build configuration list for PBXProject "MyTableView" */;
			compatibilityVersion = "Xcode 9.3";
			developmentRegion = en;
			hasScannedForEncodings = 0;
			knownRegions = (
				en,
				Base,
			);
			mainGroup = BB11ED6E2677301B009CD0AB;
			productRefGroup = BB11ED782677301B009CD0AB /* Products */;
			projectDirPath = "";
			projectRoot = "";
			targets = (
				BB11ED762677301B009CD0AB /* MyTableView */,
			);
		};
/* End PBXProject section */

/* Begin PBXResourcesBuildPhase section */
		BB11ED752677301B009CD0AB /* Resources */ = {
			isa = PBXResourcesBuildPhase;
			buildActionMask = 2147483647;
			files = (
				BB11ED8726773023009CD0AB /* LaunchScreen.storyboard in Resources */,
				BB11ED8426773023009CD0AB /* Assets.xcassets in Resources */,
				BB11ED9026773473009CD0AB /* video.mp4 in Resources */,
				BB11ED822677301B009CD0AB /* Main.storyboard in Resources */,
			);
			runOnlyForDeploymentPostprocessing = 0;
		};
/* End PBXResourcesBuildPhase section */

/* Begin PBXSourcesBuildPhase section */
		BB11ED732677301B009CD0AB /* Sources */ = {
			isa = PBXSourcesBuildPhase;
			buildActionMask = 2147483647;
			files = (
				BB11ED7F2677301B009CD0AB /* ViewController.swift in Sources */,
				BB11ED7B2677301B009CD0AB /* AppDelegate.swift in Sources */,
				BB11ED7D2677301B009CD0AB /* SceneDelegate.swift in Sources */,
				BB11ED9B26773AF5009CD0AB /* Models.swift in Sources */,
				BB11ED98267734B5009CD0AB /* TableCollectionViewCell.swift in Sources */,
				BB11ED94267734A6009CD0AB /* CollectionTableViewCell.swift in Sources */,
			);
			runOnlyForDeploymentPostprocessing = 0;
		};
/* End PBXSourcesBuildPhase section */

/* Begin PBXVariantGroup section */
		BB11ED802677301B009CD0AB /* Main.storyboard */ = {
			isa = PBXVariantGroup;
			children = (
				BB11ED812677301B009CD0AB /* Base */,
			);
			name = Main.storyboard;
			sourceTree = "<group>";
		};
		BB11ED8526773023009CD0AB /* LaunchScreen.storyboard */ = {
			isa = PBXVariantGroup;
			children = (
				BB11ED8626773023009CD0AB /* Base */,
			);
			name = LaunchScreen.storyboard;
			sourceTree = "<group>";
		};
/* End PBXVariantGroup section */

/* Begin XCBuildConfiguration section */
		BB11ED8926773023009CD0AB /* Debug */ = {
			isa = XCBuildConfiguration;
			buildSettings = {
				ALWAYS_SEARCH_USER_PATHS = NO;
				CLANG_ANALYZER_NONNULL = YES;
				CLANG_ANALYZER_NUMBER_OBJECT_CONVERSION = YES_AGGRESSIVE;
				CLANG_CXX_LANGUAGE_STANDARD = "gnu++14";
				CLANG_CXX_LIBRARY = "libc++";
				CLANG_ENABLE_MODULES = YES;
				CLANG_ENABLE_OBJC_ARC = YES;
				CLANG_ENABLE_OBJC_WEAK = YES;
				CLANG_WARN_BLOCK_CAPTURE_AUTORELEASING = YES;
				CLANG_WARN_BOOL_CONVERSION = YES;
				CLANG_WARN_COMMA = YES;
				CLANG_WARN_CONSTANT_CONVERSION = YES;
				CLANG_WARN_DEPRECATED_OBJC_IMPLEMENTATIONS = YES;
				CLANG_WARN_DIRECT_OBJC_ISA_USAGE = YES_ERROR;
				CLANG_WARN_DOCUMENTATION_COMMENTS = YES;
				CLANG_WARN_EMPTY_BODY = YES;
				CLANG_WARN_ENUM_CONVERSION = YES;
				CLANG_WARN_INFINITE_RECURSION = YES;
				CLANG_WARN_INT_CONVERSION = YES;
				CLANG_WARN_NON_LITERAL_NULL_CONVERSION = YES;
				CLANG_WARN_OBJC_IMPLICIT_RETAIN_SELF = YES;
				CLANG_WARN_OBJC_LITERAL_CONVERSION = YES;
				CLANG_WARN_OBJC_ROOT_CLASS = YES_ERROR;
				CLANG_WARN_QUOTED_INCLUDE_IN_FRAMEWORK_HEADER = YES;
				CLANG_WARN_RANGE_LOOP_ANALYSIS = YES;
				CLANG_WARN_STRICT_PROTOTYPES = YES;
				CLANG_WARN_SUSPICIOUS_MOVE = YES;
				CLANG_WARN_UNGUARDED_AVAILABILITY = YES_AGGRESSIVE;
				CLANG_WARN_UNREACHABLE_CODE = YES;
				CLANG_WARN__DUPLICATE_METHOD_MATCH = YES;
				COPY_PHASE_STRIP = NO;
				DEBUG_INFORMATION_FORMAT = dwarf;
				ENABLE_STRICT_OBJC_MSGSEND = YES;
				ENABLE_TESTABILITY = YES;
				GCC_C_LANGUAGE_STANDARD = gnu11;
				GCC_DYNAMIC_NO_PIC = NO;
				GCC_NO_COMMON_BLOCKS = YES;
				GCC_OPTIMIZATION_LEVEL = 0;
				GCC_PREPROCESSOR_DEFINITIONS = (
					"DEBUG=1",
					"$(inherited)",
				);
				GCC_WARN_64_TO_32_BIT_CONVERSION = YES;
				GCC_WARN_ABOUT_RETURN_TYPE = YES_ERROR;
				GCC_WARN_UNDECLARED_SELECTOR = YES;
				GCC_WARN_UNINITIALIZED_AUTOS = YES_AGGRESSIVE;
				GCC_WARN_UNUSED_FUNCTION = YES;
				GCC_WARN_UNUSED_VARIABLE = YES;
				IPHONEOS_DEPLOYMENT_TARGET = 14.4;
				MTL_ENABLE_DEBUG_INFO = INCLUDE_SOURCE;
				MTL_FAST_MATH = YES;
				ONLY_ACTIVE_ARCH = YES;
				SDKROOT = iphoneos;
				SWIFT_ACTIVE_COMPILATION_CONDITIONS = DEBUG;
				SWIFT_OPTIMIZATION_LEVEL = "-Onone";
			};
			name = Debug;
		};
		BB11ED8A26773023009CD0AB /* Release */ = {
			isa = XCBuildConfiguration;
			buildSettings = {
				ALWAYS_SEARCH_USER_PATHS = NO;
				CLANG_ANALYZER_NONNULL = YES;
				CLANG_ANALYZER_NUMBER_OBJECT_CONVERSION = YES_AGGRESSIVE;
				CLANG_CXX_LANGUAGE_STANDARD = "gnu++14";
				CLANG_CXX_LIBRARY = "libc++";
				CLANG_ENABLE_MODULES = YES;
				CLANG_ENABLE_OBJC_ARC = YES;
				CLANG_ENABLE_OBJC_WEAK = YES;
				CLANG_WARN_BLOCK_CAPTURE_AUTORELEASING = YES;
				CLANG_WARN_BOOL_CONVERSION = YES;
				CLANG_WARN_COMMA = YES;
				CLANG_WARN_CONSTANT_CONVERSION = YES;
				CLANG_WARN_DEPRECATED_OBJC_IMPLEMENTATIONS = YES;
				CLANG_WARN_DIRECT_OBJC_ISA_USAGE = YES_ERROR;
				CLANG_WARN_DOCUMENTATION_COMMENTS = YES;
				CLANG_WARN_EMPTY_BODY = YES;
				CLANG_WARN_ENUM_CONVERSION = YES;
				CLANG_WARN_INFINITE_RECURSION = YES;
				CLANG_WARN_INT_CONVERSION = YES;
				CLANG_WARN_NON_LITERAL_NULL_CONVERSION = YES;
				CLANG_WARN_OBJC_IMPLICIT_RETAIN_SELF = YES;
				CLANG_WARN_OBJC_LITERAL_CONVERSION = YES;
				CLANG_WARN_OBJC_ROOT_CLASS = YES_ERROR;
				CLANG_WARN_QUOTED_INCLUDE_IN_FRAMEWORK_HEADER = YES;
				CLANG_WARN_RANGE_LOOP_ANALYSIS = YES;
				CLANG_WARN_STRICT_PROTOTYPES = YES;
				CLANG_WARN_SUSPICIOUS_MOVE = YES;
				CLANG_WARN_UNGUARDED_AVAILABILITY = YES_AGGRESSIVE;
				CLANG_WARN_UNREACHABLE_CODE = YES;
				CLANG_WARN__DUPLICATE_METHOD_MATCH = YES;
				COPY_PHASE_STRIP = NO;
				DEBUG_INFORMATION_FORMAT = "dwarf-with-dsym";
				ENABLE_NS_ASSERTIONS = NO;
				ENABLE_STRICT_OBJC_MSGSEND = YES;
				GCC_C_LANGUAGE_STANDARD = gnu11;
				GCC_NO_COMMON_BLOCKS = YES;
				GCC_WARN_64_TO_32_BIT_CONVERSION = YES;
				GCC_WARN_ABOUT_RETURN_TYPE = YES_ERROR;
				GCC_WARN_UNDECLARED_SELECTOR = YES;
				GCC_WARN_UNINITIALIZED_AUTOS = YES_AGGRESSIVE;
				GCC_WARN_UNUSED_FUNCTION = YES;
				GCC_WARN_UNUSED_VARIABLE = YES;
				IPHONEOS_DEPLOYMENT_TARGET = 14.4;
				MTL_ENABLE_DEBUG_INFO = NO;
				MTL_FAST_MATH = YES;
				SDKROOT = iphoneos;
				SWIFT_COMPILATION_MODE = wholemodule;
				SWIFT_OPTIMIZATION_LEVEL = "-O";
				VALIDATE_PRODUCT = YES;
			};
			name = Release;
		};
		BB11ED8C26773023009CD0AB /* Debug */ = {
			isa = XCBuildConfiguration;
			buildSettings = {
				ASSETCATALOG_COMPILER_APPICON_NAME = AppIcon;
				ASSETCATALOG_COMPILER_GLOBAL_ACCENT_COLOR_NAME = AccentColor;
				CODE_SIGN_STYLE = Automatic;
				DEVELOPMENT_TEAM = UJW8376355;
				INFOPLIST_FILE = MyTableView/Info.plist;
				LD_RUNPATH_SEARCH_PATHS = (
					"$(inherited)",
					"@executable_path/Frameworks",
				);
				PRODUCT_BUNDLE_IDENTIFIER = kr.personal.project.by.meng.MyTableView;
				PRODUCT_NAME = "$(TARGET_NAME)";
				SWIFT_VERSION = 5.0;
				TARGETED_DEVICE_FAMILY = "1,2";
			};
			name = Debug;
		};
		BB11ED8D26773023009CD0AB /* Release */ = {
			isa = XCBuildConfiguration;
			buildSettings = {
				ASSETCATALOG_COMPILER_APPICON_NAME = AppIcon;
				ASSETCATALOG_COMPILER_GLOBAL_ACCENT_COLOR_NAME = AccentColor;
				CODE_SIGN_STYLE = Automatic;
				DEVELOPMENT_TEAM = UJW8376355;
				INFOPLIST_FILE = MyTableView/Info.plist;
				LD_RUNPATH_SEARCH_PATHS = (
					"$(inherited)",
					"@executable_path/Frameworks",
				);
				PRODUCT_BUNDLE_IDENTIFIER = kr.personal.project.by.meng.MyTableView;
				PRODUCT_NAME = "$(TARGET_NAME)";
				SWIFT_VERSION = 5.0;
				TARGETED_DEVICE_FAMILY = "1,2";
			};
			name = Release;
		};
/* End XCBuildConfiguration section */

/* Begin XCConfigurationList section */
		BB11ED722677301B009CD0AB /* Build configuration list for PBXProject "MyTableView" */ = {
			isa = XCConfigurationList;
			buildConfigurations = (
				BB11ED8926773023009CD0AB /* Debug */,
				BB11ED8A26773023009CD0AB /* Release */,
			);
			defaultConfigurationIsVisible = 0;
			defaultConfigurationName = Release;
		};
		BB11ED8B26773023009CD0AB /* Build configuration list for PBXNativeTarget "MyTableView" */ = {
			isa = XCConfigurationList;
			buildConfigurations = (
				BB11ED8C26773023009CD0AB /* Debug */,
				BB11ED8D26773023009CD0AB /* Release */,
			);
			defaultConfigurationIsVisible = 0;
			defaultConfigurationName = Release;
		};
/* End XCConfigurationList section */
	};
	rootObject = BB11ED6F2677301B009CD0AB /* Project object */;
}
