// !$*UTF8*$!
{
	archiveVersion = 1;
	classes = {
	};
	objectVersion = 50;
	objects = {

/* Begin PBXBuildFile section */
		BB11EDAC267A0C3D009CD0AB /* AppDelegate.swift in Sources */ = {isa = PBXBuildFile; fileRef = BB11EDAB267A0C3D009CD0AB /* AppDelegate.swift */; };
		BB11EDAE267A0C3D009CD0AB /* SceneDelegate.swift in Sources */ = {isa = PBXBuildFile; fileRef = BB11EDAD267A0C3D009CD0AB /* SceneDelegate.swift */; };
		BB11EDB0267A0C3D009CD0AB /* ConversationsViewController.swift in Sources */ = {isa = PBXBuildFile; fileRef = BB11EDAF267A0C3D009CD0AB /* ConversationsViewController.swift */; };
		BB11EDB3267A0C3D009CD0AB /* Main.storyboard in Resources */ = {isa = PBXBuildFile; fileRef = BB11EDB1267A0C3D009CD0AB /* Main.storyboard */; };
		BB11EDB5267A0C3F009CD0AB /* Assets.xcassets in Resources */ = {isa = PBXBuildFile; fileRef = BB11EDB4267A0C3F009CD0AB /* Assets.xcassets */; };
		BB11EDB8267A0C3F009CD0AB /* LaunchScreen.storyboard in Resources */ = {isa = PBXBuildFile; fileRef = BB11EDB6267A0C3F009CD0AB /* LaunchScreen.storyboard */; };
		BB4D9F35267A52E80099620B /* Extensions.swift in Sources */ = {isa = PBXBuildFile; fileRef = BB4D9F34267A52E80099620B /* Extensions.swift */; };
		BB7A463E267A37DB00267103 /* LoginViewController.swift in Sources */ = {isa = PBXBuildFile; fileRef = BB7A463D267A37DB00267103 /* LoginViewController.swift */; };
		BB7A4641267A37EB00267103 /* RegisterViewController.swift in Sources */ = {isa = PBXBuildFile; fileRef = BB7A4640267A37EB00267103 /* RegisterViewController.swift */; };
		BB7A4644267A380800267103 /* PhotoViewerViewController.swift in Sources */ = {isa = PBXBuildFile; fileRef = BB7A4643267A380800267103 /* PhotoViewerViewController.swift */; };
		BB7A4647267A382600267103 /* VideoPlayerViewController.swift in Sources */ = {isa = PBXBuildFile; fileRef = BB7A4646267A382600267103 /* VideoPlayerViewController.swift */; };
		BB7A464A267A385600267103 /* NewConversationViewController.swift in Sources */ = {isa = PBXBuildFile; fileRef = BB7A4649267A385600267103 /* NewConversationViewController.swift */; };
		BB7A4651267A38C700267103 /* ProfileViewController.swift in Sources */ = {isa = PBXBuildFile; fileRef = BB7A4650267A38C700267103 /* ProfileViewController.swift */; };
/* End PBXBuildFile section */

/* Begin PBXFileReference section */
		BB11EDA8267A0C3D009CD0AB /* Messenger.app */ = {isa = PBXFileReference; explicitFileType = wrapper.application; includeInIndex = 0; path = Messenger.app; sourceTree = BUILT_PRODUCTS_DIR; };
		BB11EDAB267A0C3D009CD0AB /* AppDelegate.swift */ = {isa = PBXFileReference; lastKnownFileType = sourcecode.swift; path = AppDelegate.swift; sourceTree = "<group>"; };
		BB11EDAD267A0C3D009CD0AB /* SceneDelegate.swift */ = {isa = PBXFileReference; lastKnownFileType = sourcecode.swift; path = SceneDelegate.swift; sourceTree = "<group>"; };
		BB11EDAF267A0C3D009CD0AB /* ConversationsViewController.swift */ = {isa = PBXFileReference; lastKnownFileType = sourcecode.swift; path = ConversationsViewController.swift; sourceTree = "<group>"; };
		BB11EDB2267A0C3D009CD0AB /* Base */ = {isa = PBXFileReference; lastKnownFileType = file.storyboard; name = Base; path = Base.lproj/Main.storyboard; sourceTree = "<group>"; };
		BB11EDB4267A0C3F009CD0AB /* Assets.xcassets */ = {isa = PBXFileReference; lastKnownFileType = folder.assetcatalog; path = Assets.xcassets; sourceTree = "<group>"; };
		BB11EDB7267A0C3F009CD0AB /* Base */ = {isa = PBXFileReference; lastKnownFileType = file.storyboard; name = Base; path = Base.lproj/LaunchScreen.storyboard; sourceTree = "<group>"; };
		BB11EDB9267A0C3F009CD0AB /* Info.plist */ = {isa = PBXFileReference; lastKnownFileType = text.plist.xml; path = Info.plist; sourceTree = "<group>"; };
		BB4D9F34267A52E80099620B /* Extensions.swift */ = {isa = PBXFileReference; lastKnownFileType = sourcecode.swift; path = Extensions.swift; sourceTree = "<group>"; };
		BB7A463D267A37DB00267103 /* LoginViewController.swift */ = {isa = PBXFileReference; lastKnownFileType = sourcecode.swift; path = LoginViewController.swift; sourceTree = "<group>"; };
		BB7A4640267A37EB00267103 /* RegisterViewController.swift */ = {isa = PBXFileReference; lastKnownFileType = sourcecode.swift; path = RegisterViewController.swift; sourceTree = "<group>"; };
		BB7A4643267A380800267103 /* PhotoViewerViewController.swift */ = {isa = PBXFileReference; lastKnownFileType = sourcecode.swift; path = PhotoViewerViewController.swift; sourceTree = "<group>"; };
		BB7A4646267A382600267103 /* VideoPlayerViewController.swift */ = {isa = PBXFileReference; lastKnownFileType = sourcecode.swift; path = VideoPlayerViewController.swift; sourceTree = "<group>"; };
		BB7A4649267A385600267103 /* NewConversationViewController.swift */ = {isa = PBXFileReference; lastKnownFileType = sourcecode.swift; path = NewConversationViewController.swift; sourceTree = "<group>"; };
		BB7A4650267A38C700267103 /* ProfileViewController.swift */ = {isa = PBXFileReference; lastKnownFileType = sourcecode.swift; path = ProfileViewController.swift; sourceTree = "<group>"; };
/* End PBXFileReference section */

/* Begin PBXFrameworksBuildPhase section */
		BB11EDA5267A0C3D009CD0AB /* Frameworks */ = {
			isa = PBXFrameworksBuildPhase;
			buildActionMask = 2147483647;
			files = (
			);
			runOnlyForDeploymentPostprocessing = 0;
		};
/* End PBXFrameworksBuildPhase section */

/* Begin PBXGroup section */
		BB11ED9F267A0C3D009CD0AB = {
			isa = PBXGroup;
			children = (
				BB11EDAA267A0C3D009CD0AB /* Messenger */,
				BB11EDA9267A0C3D009CD0AB /* Products */,
			);
			sourceTree = "<group>";
		};
		BB11EDA9267A0C3D009CD0AB /* Products */ = {
			isa = PBXGroup;
			children = (
				BB11EDA8267A0C3D009CD0AB /* Messenger.app */,
			);
			name = Products;
			sourceTree = "<group>";
		};
		BB11EDAA267A0C3D009CD0AB /* Messenger */ = {
			isa = PBXGroup;
			children = (
				BB11EDC4267A3687009CD0AB /* Resources */,
				BB11EDC3267A367C009CD0AB /* ViewModels */,
				BB11EDC2267A3676009CD0AB /* Models */,
				BB11EDC1267A3670009CD0AB /* Views */,
				BB11EDC0267A3668009CD0AB /* Controllers */,
				BB11EDB9267A0C3F009CD0AB /* Info.plist */,
			);
			path = Messenger;
			sourceTree = "<group>";
		};
		BB11EDC0267A3668009CD0AB /* Controllers */ = {
			isa = PBXGroup;
			children = (
				BB11EDAF267A0C3D009CD0AB /* ConversationsViewController.swift */,
				BB4D9F33267A3BC20099620B /* Login */,
				BB7A4643267A380800267103 /* PhotoViewerViewController.swift */,
				BB7A4646267A382600267103 /* VideoPlayerViewController.swift */,
				BB7A4649267A385600267103 /* NewConversationViewController.swift */,
				BB7A4650267A38C700267103 /* ProfileViewController.swift */,
			);
			path = Controllers;
			sourceTree = "<group>";
		};
		BB11EDC1267A3670009CD0AB /* Views */ = {
			isa = PBXGroup;
			children = (
				BB7A4639267A36C100267103 /* Storyboards */,
				BB11EDB4267A0C3F009CD0AB /* Assets.xcassets */,
				BB11EDB6267A0C3F009CD0AB /* LaunchScreen.storyboard */,
			);
			path = Views;
			sourceTree = "<group>";
		};
		BB11EDC2267A3676009CD0AB /* Models */ = {
			isa = PBXGroup;
			children = (
			);
			path = Models;
			sourceTree = "<group>";
		};
		BB11EDC3267A367C009CD0AB /* ViewModels */ = {
			isa = PBXGroup;
			children = (
			);
			path = ViewModels;
			sourceTree = "<group>";
		};
		BB11EDC4267A3687009CD0AB /* Resources */ = {
			isa = PBXGroup;
			children = (
				BB11EDAB267A0C3D009CD0AB /* AppDelegate.swift */,
				BB11EDAD267A0C3D009CD0AB /* SceneDelegate.swift */,
				BB4D9F34267A52E80099620B /* Extensions.swift */,
			);
			path = Resources;
			sourceTree = "<group>";
		};
		BB4D9F33267A3BC20099620B /* Login */ = {
			isa = PBXGroup;
			children = (
				BB7A463D267A37DB00267103 /* LoginViewController.swift */,
				BB7A4640267A37EB00267103 /* RegisterViewController.swift */,
			);
			path = Login;
			sourceTree = "<group>";
		};
		BB7A4639267A36C100267103 /* Storyboards */ = {
			isa = PBXGroup;
			children = (
				BB11EDB1267A0C3D009CD0AB /* Main.storyboard */,
			);
			path = Storyboards;
			sourceTree = "<group>";
		};
/* End PBXGroup section */

/* Begin PBXNativeTarget section */
		BB11EDA7267A0C3D009CD0AB /* Messenger */ = {
			isa = PBXNativeTarget;
			buildConfigurationList = BB11EDBC267A0C3F009CD0AB /* Build configuration list for PBXNativeTarget "Messenger" */;
			buildPhases = (
				BB11EDA4267A0C3D009CD0AB /* Sources */,
				BB11EDA5267A0C3D009CD0AB /* Frameworks */,
				BB11EDA6267A0C3D009CD0AB /* Resources */,
			);
			buildRules = (
			);
			dependencies = (
			);
			name = Messenger;
			productName = Messenger;
			productReference = BB11EDA8267A0C3D009CD0AB /* Messenger.app */;
			productType = "com.apple.product-type.application";
		};
/* End PBXNativeTarget section */

/* Begin PBXProject section */
		BB11EDA0267A0C3D009CD0AB /* Project object */ = {
			isa = PBXProject;
			attributes = {
				LastSwiftUpdateCheck = 1240;
				LastUpgradeCheck = 1240;
				TargetAttributes = {
					BB11EDA7267A0C3D009CD0AB = {
						CreatedOnToolsVersion = 12.4;
					};
				};
			};
			buildConfigurationList = BB11EDA3267A0C3D009CD0AB /* Build configuration list for PBXProject "Messenger" */;
			compatibilityVersion = "Xcode 9.3";
			developmentRegion = en;
			hasScannedForEncodings = 0;
			knownRegions = (
				en,
				Base,
			);
			mainGroup = BB11ED9F267A0C3D009CD0AB;
			productRefGroup = BB11EDA9267A0C3D009CD0AB /* Products */;
			projectDirPath = "";
			projectRoot = "";
			targets = (
				BB11EDA7267A0C3D009CD0AB /* Messenger */,
			);
		};
/* End PBXProject section */

/* Begin PBXResourcesBuildPhase section */
		BB11EDA6267A0C3D009CD0AB /* Resources */ = {
			isa = PBXResourcesBuildPhase;
			buildActionMask = 2147483647;
			files = (
				BB11EDB8267A0C3F009CD0AB /* LaunchScreen.storyboard in Resources */,
				BB11EDB5267A0C3F009CD0AB /* Assets.xcassets in Resources */,
				BB11EDB3267A0C3D009CD0AB /* Main.storyboard in Resources */,
			);
			runOnlyForDeploymentPostprocessing = 0;
		};
/* End PBXResourcesBuildPhase section */

/* Begin PBXSourcesBuildPhase section */
		BB11EDA4267A0C3D009CD0AB /* Sources */ = {
			isa = PBXSourcesBuildPhase;
			buildActionMask = 2147483647;
			files = (
				BB7A463E267A37DB00267103 /* LoginViewController.swift in Sources */,
				BB7A4641267A37EB00267103 /* RegisterViewController.swift in Sources */,
				BB7A464A267A385600267103 /* NewConversationViewController.swift in Sources */,
				BB11EDB0267A0C3D009CD0AB /* ConversationsViewController.swift in Sources */,
				BB7A4647267A382600267103 /* VideoPlayerViewController.swift in Sources */,
				BB4D9F35267A52E80099620B /* Extensions.swift in Sources */,
				BB11EDAC267A0C3D009CD0AB /* AppDelegate.swift in Sources */,
				BB7A4651267A38C700267103 /* ProfileViewController.swift in Sources */,
				BB11EDAE267A0C3D009CD0AB /* SceneDelegate.swift in Sources */,
				BB7A4644267A380800267103 /* PhotoViewerViewController.swift in Sources */,
			);
			runOnlyForDeploymentPostprocessing = 0;
		};
/* End PBXSourcesBuildPhase section */

/* Begin PBXVariantGroup section */
		BB11EDB1267A0C3D009CD0AB /* Main.storyboard */ = {
			isa = PBXVariantGroup;
			children = (
				BB11EDB2267A0C3D009CD0AB /* Base */,
			);
			name = Main.storyboard;
			sourceTree = "<group>";
		};
		BB11EDB6267A0C3F009CD0AB /* LaunchScreen.storyboard */ = {
			isa = PBXVariantGroup;
			children = (
				BB11EDB7267A0C3F009CD0AB /* Base */,
			);
			name = LaunchScreen.storyboard;
			sourceTree = "<group>";
		};
/* End PBXVariantGroup section */

/* Begin XCBuildConfiguration section */
		BB11EDBA267A0C3F009CD0AB /* Debug */ = {
			isa = XCBuildConfiguration;
			buildSettings = {
				ALWAYS_SEARCH_USER_PATHS = NO;
				CLANG_ANALYZER_NONNULL = YES;
				CLANG_ANALYZER_NUMBER_OBJECT_CONVERSION = YES_AGGRESSIVE;
				CLANG_CXX_LANGUAGE_STANDARD = "gnu++14";
				CLANG_CXX_LIBRARY = "libc++";
				CLANG_ENABLE_MODULES = YES;
				CLANG_ENABLE_OBJC_ARC = YES;
				CLANG_ENABLE_OBJC_WEAK = YES;
				CLANG_WARN_BLOCK_CAPTURE_AUTORELEASING = YES;
				CLANG_WARN_BOOL_CONVERSION = YES;
				CLANG_WARN_COMMA = YES;
				CLANG_WARN_CONSTANT_CONVERSION = YES;
				CLANG_WARN_DEPRECATED_OBJC_IMPLEMENTATIONS = YES;
				CLANG_WARN_DIRECT_OBJC_ISA_USAGE = YES_ERROR;
				CLANG_WARN_DOCUMENTATION_COMMENTS = YES;
				CLANG_WARN_EMPTY_BODY = YES;
				CLANG_WARN_ENUM_CONVERSION = YES;
				CLANG_WARN_INFINITE_RECURSION = YES;
				CLANG_WARN_INT_CONVERSION = YES;
				CLANG_WARN_NON_LITERAL_NULL_CONVERSION = YES;
				CLANG_WARN_OBJC_IMPLICIT_RETAIN_SELF = YES;
				CLANG_WARN_OBJC_LITERAL_CONVERSION = YES;
				CLANG_WARN_OBJC_ROOT_CLASS = YES_ERROR;
				CLANG_WARN_QUOTED_INCLUDE_IN_FRAMEWORK_HEADER = YES;
				CLANG_WARN_RANGE_LOOP_ANALYSIS = YES;
				CLANG_WARN_STRICT_PROTOTYPES = YES;
				CLANG_WARN_SUSPICIOUS_MOVE = YES;
				CLANG_WARN_UNGUARDED_AVAILABILITY = YES_AGGRESSIVE;
				CLANG_WARN_UNREACHABLE_CODE = YES;
				CLANG_WARN__DUPLICATE_METHOD_MATCH = YES;
				COPY_PHASE_STRIP = NO;
				DEBUG_INFORMATION_FORMAT = dwarf;
				ENABLE_STRICT_OBJC_MSGSEND = YES;
				ENABLE_TESTABILITY = YES;
				GCC_C_LANGUAGE_STANDARD = gnu11;
				GCC_DYNAMIC_NO_PIC = NO;
				GCC_NO_COMMON_BLOCKS = YES;
				GCC_OPTIMIZATION_LEVEL = 0;
				GCC_PREPROCESSOR_DEFINITIONS = (
					"DEBUG=1",
					"$(inherited)",
				);
				GCC_WARN_64_TO_32_BIT_CONVERSION = YES;
				GCC_WARN_ABOUT_RETURN_TYPE = YES_ERROR;
				GCC_WARN_UNDECLARED_SELECTOR = YES;
				GCC_WARN_UNINITIALIZED_AUTOS = YES_AGGRESSIVE;
				GCC_WARN_UNUSED_FUNCTION = YES;
				GCC_WARN_UNUSED_VARIABLE = YES;
				IPHONEOS_DEPLOYMENT_TARGET = 14.4;
				MTL_ENABLE_DEBUG_INFO = INCLUDE_SOURCE;
				MTL_FAST_MATH = YES;
				ONLY_ACTIVE_ARCH = YES;
				SDKROOT = iphoneos;
				SWIFT_ACTIVE_COMPILATION_CONDITIONS = DEBUG;
				SWIFT_OPTIMIZATION_LEVEL = "-Onone";
			};
			name = Debug;
		};
		BB11EDBB267A0C3F009CD0AB /* Release */ = {
			isa = XCBuildConfiguration;
			buildSettings = {
				ALWAYS_SEARCH_USER_PATHS = NO;
				CLANG_ANALYZER_NONNULL = YES;
				CLANG_ANALYZER_NUMBER_OBJECT_CONVERSION = YES_AGGRESSIVE;
				CLANG_CXX_LANGUAGE_STANDARD = "gnu++14";
				CLANG_CXX_LIBRARY = "libc++";
				CLANG_ENABLE_MODULES = YES;
				CLANG_ENABLE_OBJC_ARC = YES;
				CLANG_ENABLE_OBJC_WEAK = YES;
				CLANG_WARN_BLOCK_CAPTURE_AUTORELEASING = YES;
				CLANG_WARN_BOOL_CONVERSION = YES;
				CLANG_WARN_COMMA = YES;
				CLANG_WARN_CONSTANT_CONVERSION = YES;
				CLANG_WARN_DEPRECATED_OBJC_IMPLEMENTATIONS = YES;
				CLANG_WARN_DIRECT_OBJC_ISA_USAGE = YES_ERROR;
				CLANG_WARN_DOCUMENTATION_COMMENTS = YES;
				CLANG_WARN_EMPTY_BODY = YES;
				CLANG_WARN_ENUM_CONVERSION = YES;
				CLANG_WARN_INFINITE_RECURSION = YES;
				CLANG_WARN_INT_CONVERSION = YES;
				CLANG_WARN_NON_LITERAL_NULL_CONVERSION = YES;
				CLANG_WARN_OBJC_IMPLICIT_RETAIN_SELF = YES;
				CLANG_WARN_OBJC_LITERAL_CONVERSION = YES;
				CLANG_WARN_OBJC_ROOT_CLASS = YES_ERROR;
				CLANG_WARN_QUOTED_INCLUDE_IN_FRAMEWORK_HEADER = YES;
				CLANG_WARN_RANGE_LOOP_ANALYSIS = YES;
				CLANG_WARN_STRICT_PROTOTYPES = YES;
				CLANG_WARN_SUSPICIOUS_MOVE = YES;
				CLANG_WARN_UNGUARDED_AVAILABILITY = YES_AGGRESSIVE;
				CLANG_WARN_UNREACHABLE_CODE = YES;
				CLANG_WARN__DUPLICATE_METHOD_MATCH = YES;
				COPY_PHASE_STRIP = NO;
				DEBUG_INFORMATION_FORMAT = "dwarf-with-dsym";
				ENABLE_NS_ASSERTIONS = NO;
				ENABLE_STRICT_OBJC_MSGSEND = YES;
				GCC_C_LANGUAGE_STANDARD = gnu11;
				GCC_NO_COMMON_BLOCKS = YES;
				GCC_WARN_64_TO_32_BIT_CONVERSION = YES;
				GCC_WARN_ABOUT_RETURN_TYPE = YES_ERROR;
				GCC_WARN_UNDECLARED_SELECTOR = YES;
				GCC_WARN_UNINITIALIZED_AUTOS = YES_AGGRESSIVE;
				GCC_WARN_UNUSED_FUNCTION = YES;
				GCC_WARN_UNUSED_VARIABLE = YES;
				IPHONEOS_DEPLOYMENT_TARGET = 14.4;
				MTL_ENABLE_DEBUG_INFO = NO;
				MTL_FAST_MATH = YES;
				SDKROOT = iphoneos;
				SWIFT_COMPILATION_MODE = wholemodule;
				SWIFT_OPTIMIZATION_LEVEL = "-O";
				VALIDATE_PRODUCT = YES;
			};
			name = Release;
		};
		BB11EDBD267A0C3F009CD0AB /* Debug */ = {
			isa = XCBuildConfiguration;
			buildSettings = {
				ASSETCATALOG_COMPILER_APPICON_NAME = AppIcon;
				ASSETCATALOG_COMPILER_GLOBAL_ACCENT_COLOR_NAME = AccentColor;
				CODE_SIGN_STYLE = Automatic;
				DEVELOPMENT_TEAM = UJW8376355;
				INFOPLIST_FILE = Messenger/Info.plist;
				IPHONEOS_DEPLOYMENT_TARGET = 13.4;
				LD_RUNPATH_SEARCH_PATHS = (
					"$(inherited)",
					"@executable_path/Frameworks",
				);
				PRODUCT_BUNDLE_IDENTIFIER = kr.personal.project.by.meng.Messenger;
				PRODUCT_NAME = "$(TARGET_NAME)";
				SWIFT_VERSION = 5.0;
				TARGETED_DEVICE_FAMILY = "1,2";
			};
			name = Debug;
		};
		BB11EDBE267A0C3F009CD0AB /* Release */ = {
			isa = XCBuildConfiguration;
			buildSettings = {
				ASSETCATALOG_COMPILER_APPICON_NAME = AppIcon;
				ASSETCATALOG_COMPILER_GLOBAL_ACCENT_COLOR_NAME = AccentColor;
				CODE_SIGN_STYLE = Automatic;
				DEVELOPMENT_TEAM = UJW8376355;
				INFOPLIST_FILE = Messenger/Info.plist;
				IPHONEOS_DEPLOYMENT_TARGET = 13.4;
				LD_RUNPATH_SEARCH_PATHS = (
					"$(inherited)",
					"@executable_path/Frameworks",
				);
				PRODUCT_BUNDLE_IDENTIFIER = kr.personal.project.by.meng.Messenger;
				PRODUCT_NAME = "$(TARGET_NAME)";
				SWIFT_VERSION = 5.0;
				TARGETED_DEVICE_FAMILY = "1,2";
			};
			name = Release;
		};
/* End XCBuildConfiguration section */

/* Begin XCConfigurationList section */
		BB11EDA3267A0C3D009CD0AB /* Build configuration list for PBXProject "Messenger" */ = {
			isa = XCConfigurationList;
			buildConfigurations = (
				BB11EDBA267A0C3F009CD0AB /* Debug */,
				BB11EDBB267A0C3F009CD0AB /* Release */,
			);
			defaultConfigurationIsVisible = 0;
			defaultConfigurationName = Release;
		};
		BB11EDBC267A0C3F009CD0AB /* Build configuration list for PBXNativeTarget "Messenger" */ = {
			isa = XCConfigurationList;
			buildConfigurations = (
				BB11EDBD267A0C3F009CD0AB /* Debug */,
				BB11EDBE267A0C3F009CD0AB /* Release */,
			);
			defaultConfigurationIsVisible = 0;
			defaultConfigurationName = Release;
		};
/* End XCConfigurationList section */
	};
	rootObject = BB11EDA0267A0C3D009CD0AB /* Project object */;
}
